
Microsoft Visual Studio Solution File, Format Version 12.00
# Visual Studio Version 16
VisualStudioVersion = 16.0.32929.386
MinimumVisualStudioVersion = 10.0.40219.1
Project("{9A19103F-16F7-4668-BE54-9A1E7A4F7556}") = "light-disk-back", "light-disk-back.csproj", "{444E45B7-52A3-4B4E-A905-61C675561594}"
EndProject
Global
	GlobalSection(SolutionConfigurationPlatforms) = preSolution
		Debug|Any CPU = Debug|Any CPU
		Release|Any CPU = Release|Any CPU
	EndGlobalSection
	GlobalSection(ProjectConfigurationPlatforms) = postSolution
		{444E45B7-52A3-4B4E-A905-61C675561594}.Debug|Any CPU.ActiveCfg = Debug|Any CPU
		{444E45B7-52A3-4B4E-A905-61C675561594}.Debug|Any CPU.Build.0 = Debug|Any CPU
		{444E45B7-52A3-4B4E-A905-61C675561594}.Release|Any CPU.ActiveCfg = Release|Any CPU
		{444E45B7-52A3-4B4E-A905-61C675561594}.Release|Any CPU.Build.0 = Release|Any CPU
	EndGlobalSection
	GlobalSection(SolutionProperties) = preSolution
		HideSolutionNode = FALSE
	EndGlobalSection
	GlobalSection(ExtensibilityGlobals) = postSolution
		SolutionGuid = {5AC7965F-65D4-421B-96BA-53CCA362F8FA}
	EndGlobalSection
EndGlobal
